{
  "name": "vuex-orm-decorators",
  "version": "1.2.4",
  "lockfileVersion": 1,
  "requires": true,
  "dependencies": {
    "@vuex-orm/core": {
      "version": "0.36.3",
      "resolved": "https://registry.npmjs.org/@vuex-orm/core/-/core-0.36.3.tgz",
      "integrity": "sha512-YlYtNTH4JECVDgF9iCwRyoDtnCqTBkiIYtfMbw2YVIfGP0/c+T9jYXhEzNYGey3Uiiq8WbIdlKBbZpu4llIwZg==",
      "dev": true,
      "requires": {
        "normalizr": "^3.6.0"
      }
    },
    "normalizr": {
      "version": "3.6.0",
      "resolved": "https://registry.npmjs.org/normalizr/-/normalizr-3.6.0.tgz",
      "integrity": "sha512-25cd8DiDu+pL46KIaxtVVvvEPjGacJgv0yUg950evr62dQ/ks2JO1kf7+Vi5/rMFjaSTSTls7aCnmRlUSljtiA==",
      "dev": true
    },
    "typescript": {
      "version": "4.0.2",
      "resolved": "https://registry.npmjs.org/typescript/-/typescript-4.0.2.tgz",
      "integrity": "sha512-e4ERvRV2wb+rRZ/IQeb3jm2VxBsirQLpQhdxplZ2MEzGvDkkMmPglecnNDfSUBivMjP93vRbngYYDQqQ/78bcQ==",
      "dev": true
    },
    "vue": {
      "version": "2.6.12",
      "resolved": "https://registry.npmjs.org/vue/-/vue-2.6.12.tgz",
      "integrity": "sha512-uhmLFETqPPNyuLLbsKz6ioJ4q7AZHzD8ZVFNATNyICSZouqP2Sz0rotWQC8UNBF6VGSCs5abnKJoStA6JbCbfg==",
      "dev": true
    },
    "vuex": {
      "version": "3.5.1",
      "resolved": "https://registry.npmjs.org/vuex/-/vuex-3.5.1.tgz",
      "integrity": "sha512-w7oJzmHQs0FM9LXodfskhw9wgKBiaB+totOdb8sNzbTB2KDCEEwEs29NzBZFh/lmEK1t5tDmM1vtsO7ubG1DFw==",
      "dev": true
    }
  }
}
