{
  "name": "vuex-orm-decorators",
  "version": "1.0.0",
  "lockfileVersion": 1,
  "requires": true,
  "dependencies": {
    "@vuex-orm/core": {
      "version": "0.32.0",
      "resolved": "https://registry.npmjs.org/@vuex-orm/core/-/core-0.32.0.tgz",
      "integrity": "sha512-IcwHl8hu+MHhKvSPLv+l6dOcm2xHv/161fW6Xoh6e1dspKedaQnXrwiNf2EPGWVMCX4slaKGUd78/pzUwTCMHA==",
      "dev": true,
      "requires": {
        "normalizr": "^3.4.0",
        "vuex": "^3.1.1"
      }
    },
    "normalizr": {
      "version": "3.4.0",
      "resolved": "https://registry.npmjs.org/normalizr/-/normalizr-3.4.0.tgz",
      "integrity": "sha512-0dQLKpvsSb2f+vZwj78L855OMn9aeMQ0dQhduRqX3GkJh+k6rN9kcftxBV/VkW1n4q9OuV6F43Angn+pNbjg9w==",
      "dev": true
    },
    "typescript": {
      "version": "3.5.3",
      "resolved": "https://registry.npmjs.org/typescript/-/typescript-3.5.3.tgz",
      "integrity": "sha512-ACzBtm/PhXBDId6a6sDJfroT2pOWt/oOnk4/dElG5G33ZL776N3Y6/6bKZJBFpd+b05F3Ct9qDjMeJmRWtE2/g==",
      "dev": true
    },
    "vue": {
      "version": "2.6.10",
      "resolved": "https://registry.npmjs.org/vue/-/vue-2.6.10.tgz",
      "integrity": "sha512-ImThpeNU9HbdZL3utgMCq0oiMzAkt1mcgy3/E6zWC/G6AaQoeuFdsl9nDhTDU3X1R6FK7nsIUuRACVcjI+A2GQ==",
      "dev": true
    },
    "vuex": {
      "version": "3.1.1",
      "resolved": "https://registry.npmjs.org/vuex/-/vuex-3.1.1.tgz",
      "integrity": "sha512-ER5moSbLZuNSMBFnEBVGhQ1uCBNJslH9W/Dw2W7GZN23UQA69uapP5GTT9Vm8Trc0PzBSVt6LzF3hGjmv41xcg==",
      "dev": true
    }
  }
}
