{
  "name": "vuex-orm-decorators",
  "version": "1.1.7",
  "lockfileVersion": 1,
  "requires": true,
  "dependencies": {
    "@vuex-orm/core": {
      "version": "0.32.1",
      "resolved": "https://registry.npmjs.org/@vuex-orm/core/-/core-0.32.1.tgz",
      "integrity": "sha512-zy3xj+6robrjNx5nJF73GlhAlcaespLrOByAQAILo/4q1IP542YUPAO+Kr1DH4n0iMV3vaj1275A741+y2djOg==",
      "dev": true,
      "requires": {
        "normalizr": "^3.4.0",
        "vuex": "^3.1.1"
      }
    },
    "normalizr": {
      "version": "3.4.1",
      "resolved": "https://registry.npmjs.org/normalizr/-/normalizr-3.4.1.tgz",
      "integrity": "sha512-gei+tJucERU8vYN6TFQL2k5YMLX2Yh7nlylKMJC65+Uu/LS3xQCDJc8cies72aHouycKYyVgcnyLRbaJsigXKw==",
      "dev": true
    },
    "typescript": {
      "version": "3.6.2",
      "resolved": "https://registry.npmjs.org/typescript/-/typescript-3.6.2.tgz",
      "integrity": "sha512-lmQ4L+J6mnu3xweP8+rOrUwzmN+MRAj7TgtJtDaXE5PMyX2kCrklhg3rvOsOIfNeAWMQWO2F1GPc1kMD2vLAfw==",
      "dev": true
    },
    "vue": {
      "version": "2.6.10",
      "resolved": "https://registry.npmjs.org/vue/-/vue-2.6.10.tgz",
      "integrity": "sha512-ImThpeNU9HbdZL3utgMCq0oiMzAkt1mcgy3/E6zWC/G6AaQoeuFdsl9nDhTDU3X1R6FK7nsIUuRACVcjI+A2GQ==",
      "dev": true
    },
    "vuex": {
      "version": "3.1.1",
      "resolved": "https://registry.npmjs.org/vuex/-/vuex-3.1.1.tgz",
      "integrity": "sha512-ER5moSbLZuNSMBFnEBVGhQ1uCBNJslH9W/Dw2W7GZN23UQA69uapP5GTT9Vm8Trc0PzBSVt6LzF3hGjmv41xcg==",
      "dev": true
    }
  }
}
